{
  "requires": true,
  "lockfileVersion": 1,
  "dependencies": {
    "commander": {
      "version": "2.20.0",
      "resolved": "http://npmrepo.corp.qunar.com/commander/-/commander-2.20.0.tgz",
      "integrity": "sha1-1YuytcHuj4ew00ACfp6U4iLFpCI="
    },
    "esprima": {
      "version": "4.0.1",
      "resolved": "http://npmrepo.corp.qunar.com/esprima/-/esprima-4.0.1.tgz",
      "integrity": "sha1-E7BM2z5sXRnfkatph6hpVhmwqnE="
    },
    "lodash": {
      "version": "4.17.11",
      "resolved": "http://npmrepo.corp.qunar.com/lodash/-/lodash-4.17.11.tgz",
      "integrity": "sha1-s56mIp72B+zYniyN8SU2iRysm40="
    },
    "source-map": {
      "version": "0.6.1",
      "resolved": "http://npmrepo.corp.qunar.com/source-map/-/source-map-0.6.1.tgz",
      "integrity": "sha1-dHIq8y6WFOnCh6jQu95IteLxomM="
    },
    "uglify-js": {
      "version": "3.5.4",
      "resolved": "http://npmrepo.corp.qunar.com/uglify-js/-/uglify-js-3.5.4.tgz",
      "integrity": "sha1-SmTVf1kOIKiYugV/g43N+2epObk=",
      "requires": {
        "commander": "2.20.0",
        "source-map": "0.6.1"
      }
    }
  }
}
